
Microsoft Visual Studio Solution File, Format Version 12.00
# Visual Studio Version 17
VisualStudioVersion = 17.11.35312.102
MinimumVisualStudioVersion = 10.0.40219.1
Project("{FAE04EC0-301F-11D3-BF4B-00C04F79EFBC}") = "collection-backend", "collection-backend\collection-backend.csproj", "{94240822-F637-4446-A07F-DC354FA5CEED}"
EndProject
Global
	GlobalSection(SolutionConfigurationPlatforms) = preSolution
		Debug|Any CPU = Debug|Any CPU
		Release|Any CPU = Release|Any CPU
	EndGlobalSection
	GlobalSection(ProjectConfigurationPlatforms) = postSolution
		{94240822-F637-4446-A07F-DC354FA5CEED}.Debug|Any CPU.ActiveCfg = Debug|Any CPU
		{94240822-F637-4446-A07F-DC354FA5CEED}.Debug|Any CPU.Build.0 = Debug|Any CPU
		{94240822-F637-4446-A07F-DC354FA5CEED}.Release|Any CPU.ActiveCfg = Release|Any CPU
		{94240822-F637-4446-A07F-DC354FA5CEED}.Release|Any CPU.Build.0 = Release|Any CPU
	EndGlobalSection
	GlobalSection(SolutionProperties) = preSolution
		HideSolutionNode = FALSE
	EndGlobalSection
	GlobalSection(ExtensibilityGlobals) = postSolution
		SolutionGuid = {64EB2A80-49F1-4431-B1DC-F2390A447D55}
	EndGlobalSection
EndGlobal
